
Microsoft Visual Studio Solution File, Format Version 12.00
# Visual Studio Version 16
VisualStudioVersion = 25.0.1706.9
MinimumVisualStudioVersion = 10.0.40219.1
Project("{FAE04EC0-301F-11D3-BF4B-00C04F79EFBC}") = "QRMenu", "QRMenu\QRMenu.csproj", "{45931BDD-89B7-450A-B9D5-82D92B53BAE8}"
EndProject
Global
	GlobalSection(SolutionConfigurationPlatforms) = preSolution
		Debug|Any CPU = Debug|Any CPU
		Release|Any CPU = Release|Any CPU
	EndGlobalSection
	GlobalSection(ProjectConfigurationPlatforms) = postSolution
		{45931BDD-89B7-450A-B9D5-82D92B53BAE8}.Debug|Any CPU.ActiveCfg = Debug|Any CPU
		{45931BDD-89B7-450A-B9D5-82D92B53BAE8}.Debug|Any CPU.Build.0 = Debug|Any CPU
		{45931BDD-89B7-450A-B9D5-82D92B53BAE8}.Release|Any CPU.ActiveCfg = Release|Any CPU
		{45931BDD-89B7-450A-B9D5-82D92B53BAE8}.Release|Any CPU.Build.0 = Release|Any CPU
	EndGlobalSection
	GlobalSection(SolutionProperties) = preSolution
		HideSolutionNode = FALSE
	EndGlobalSection
	GlobalSection(ExtensibilityGlobals) = postSolution
		SolutionGuid = {DE50E361-B155-4570-9D33-DF4A0A391944}
	EndGlobalSection
EndGlobal
